
Microsoft Visual Studio Solution File, Format Version 12.00
# Visual Studio Version 16
VisualStudioVersion = 16.0.31019.35
MinimumVisualStudioVersion = 10.0.40219.1
Project("{9A19103F-16F7-4668-BE54-9A1E7A4F7556}") = "Task2", "Task 2\Task2.csproj", "{E8BEA71F-875D-40E1-92C2-F3A843B713A3}"
EndProject
Project("{9A19103F-16F7-4668-BE54-9A1E7A4F7556}") = "Task1", "Task 1\Task1.csproj", "{04D77B4B-01DF-4649-BBF7-9A7C3C1737D4}"
EndProject
Project("{9A19103F-16F7-4668-BE54-9A1E7A4F7556}") = "Task3", "Task3\Task3.csproj", "{266E5C73-8B9F-467C-8F46-FE4629D07118}"
EndProject
Project("{9A19103F-16F7-4668-BE54-9A1E7A4F7556}") = "Task4", "Task4\Task4.csproj", "{F4A69422-2C96-4B81-B520-C0710FDD23CB}"
EndProject
Project("{9A19103F-16F7-4668-BE54-9A1E7A4F7556}") = "Task5", "Task5\Task5.csproj", "{E195783E-0DF0-4196-BDC0-7BFEEDEB05DE}"
EndProject
Project("{9A19103F-16F7-4668-BE54-9A1E7A4F7556}") = "Task6", "Task 6\Task6.csproj", "{FF3E8441-1A24-4802-8B2B-FAEBD22DCDA0}"
EndProject
Project("{9A19103F-16F7-4668-BE54-9A1E7A4F7556}") = "Task7", "Task7\Task7.csproj", "{2C36E4F0-BA57-4D18-BA96-C1672B49AB59}"
EndProject
Project("{9A19103F-16F7-4668-BE54-9A1E7A4F7556}") = "Task8", "Task8\Task8.csproj", "{E638D16A-A0A7-47CF-BBB7-C61576FA9486}"
EndProject
Project("{9A19103F-16F7-4668-BE54-9A1E7A4F7556}") = "Task9", "Task9\Task9.csproj", "{276F0696-FA82-4B6E-A74D-262B5D4035C4}"
EndProject
Project("{9A19103F-16F7-4668-BE54-9A1E7A4F7556}") = "Task10", "Task10\Task10.csproj", "{03CA89BC-1D10-494A-87AD-78ED4C5C8EDF}"
EndProject
Project("{9A19103F-16F7-4668-BE54-9A1E7A4F7556}") = "Task11", "Task11\Task11.csproj", "{A893EE73-A70C-4995-A9BA-B52DCBA1D2F0}"
EndProject
Project("{9A19103F-16F7-4668-BE54-9A1E7A4F7556}") = "Task12", "Task12\Task12.csproj", "{D8E03F28-75EB-4D28-B576-D8EA9126BBDB}"
EndProject
Project("{9A19103F-16F7-4668-BE54-9A1E7A4F7556}") = "Task13", "Task13\Task13.csproj", "{C7A6C5F0-980E-4EBC-BB01-DC6FA40323FA}"
EndProject
Project("{9A19103F-16F7-4668-BE54-9A1E7A4F7556}") = "Task14", "Task14\Task14.csproj", "{5BB7918C-259E-42BA-B4B5-CC6323D405F7}"
EndProject
Project("{9A19103F-16F7-4668-BE54-9A1E7A4F7556}") = "Task15", "Task15\Task15.csproj", "{DB5138CF-D7BD-494E-92DA-27B2DABCA6EE}"
EndProject
Project("{9A19103F-16F7-4668-BE54-9A1E7A4F7556}") = "Task01", "Task01\Task01.csproj", "{0DFE59C4-A59C-4BFD-A7A0-D245B94256DE}"
EndProject
Project("{9A19103F-16F7-4668-BE54-9A1E7A4F7556}") = "Task02", "Task02\Task02.csproj", "{F976F507-4EFD-4542-9058-FB53FBF1B919}"
EndProject
Project("{9A19103F-16F7-4668-BE54-9A1E7A4F7556}") = "Task03", "Task03\Task03.csproj", "{269654D2-0375-4D50-8815-B5F236B7C010}"
EndProject
Project("{FAE04EC0-301F-11D3-BF4B-00C04F79EFBC}") = "Task04", "Task04\Task04.csproj", "{CF910318-EBA5-4323-B29D-7D374441CDD3}"
EndProject
Project("{FAE04EC0-301F-11D3-BF4B-00C04F79EFBC}") = "Task05", "Task05\Task05.csproj", "{7282106B-6E88-423F-BE83-065F971B43BB}"
EndProject
Project("{FAE04EC0-301F-11D3-BF4B-00C04F79EFBC}") = "Task06", "Task06\Task06.csproj", "{8CAAF4CA-8E14-41F5-9B6A-9C9DFDF84959}"
EndProject
Project("{FAE04EC0-301F-11D3-BF4B-00C04F79EFBC}") = "Task08", "Task08\Task08.csproj", "{F742DEA9-2BD6-4CCE-A233-B7EA936FFC83}"
EndProject
Global
	GlobalSection(SolutionConfigurationPlatforms) = preSolution
		Debug|Any CPU = Debug|Any CPU
		Release|Any CPU = Release|Any CPU
	EndGlobalSection
	GlobalSection(ProjectConfigurationPlatforms) = postSolution
		{E8BEA71F-875D-40E1-92C2-F3A843B713A3}.Debug|Any CPU.ActiveCfg = Debug|Any CPU
		{E8BEA71F-875D-40E1-92C2-F3A843B713A3}.Debug|Any CPU.Build.0 = Debug|Any CPU
		{E8BEA71F-875D-40E1-92C2-F3A843B713A3}.Release|Any CPU.ActiveCfg = Release|Any CPU
		{E8BEA71F-875D-40E1-92C2-F3A843B713A3}.Release|Any CPU.Build.0 = Release|Any CPU
		{04D77B4B-01DF-4649-BBF7-9A7C3C1737D4}.Debug|Any CPU.ActiveCfg = Debug|Any CPU
		{04D77B4B-01DF-4649-BBF7-9A7C3C1737D4}.Debug|Any CPU.Build.0 = Debug|Any CPU
		{04D77B4B-01DF-4649-BBF7-9A7C3C1737D4}.Release|Any CPU.ActiveCfg = Release|Any CPU
		{04D77B4B-01DF-4649-BBF7-9A7C3C1737D4}.Release|Any CPU.Build.0 = Release|Any CPU
		{266E5C73-8B9F-467C-8F46-FE4629D07118}.Debug|Any CPU.ActiveCfg = Debug|Any CPU
		{266E5C73-8B9F-467C-8F46-FE4629D07118}.Debug|Any CPU.Build.0 = Debug|Any CPU
		{266E5C73-8B9F-467C-8F46-FE4629D07118}.Release|Any CPU.ActiveCfg = Release|Any CPU
		{266E5C73-8B9F-467C-8F46-FE4629D07118}.Release|Any CPU.Build.0 = Release|Any CPU
		{F4A69422-2C96-4B81-B520-C0710FDD23CB}.Debug|Any CPU.ActiveCfg = Debug|Any CPU
		{F4A69422-2C96-4B81-B520-C0710FDD23CB}.Debug|Any CPU.Build.0 = Debug|Any CPU
		{F4A69422-2C96-4B81-B520-C0710FDD23CB}.Release|Any CPU.ActiveCfg = Release|Any CPU
		{F4A69422-2C96-4B81-B520-C0710FDD23CB}.Release|Any CPU.Build.0 = Release|Any CPU
		{E195783E-0DF0-4196-BDC0-7BFEEDEB05DE}.Debug|Any CPU.ActiveCfg = Debug|Any CPU
		{E195783E-0DF0-4196-BDC0-7BFEEDEB05DE}.Debug|Any CPU.Build.0 = Debug|Any CPU
		{E195783E-0DF0-4196-BDC0-7BFEEDEB05DE}.Release|Any CPU.ActiveCfg = Release|Any CPU
		{E195783E-0DF0-4196-BDC0-7BFEEDEB05DE}.Release|Any CPU.Build.0 = Release|Any CPU
		{FF3E8441-1A24-4802-8B2B-FAEBD22DCDA0}.Debug|Any CPU.ActiveCfg = Debug|Any CPU
		{FF3E8441-1A24-4802-8B2B-FAEBD22DCDA0}.Debug|Any CPU.Build.0 = Debug|Any CPU
		{FF3E8441-1A24-4802-8B2B-FAEBD22DCDA0}.Release|Any CPU.ActiveCfg = Release|Any CPU
		{FF3E8441-1A24-4802-8B2B-FAEBD22DCDA0}.Release|Any CPU.Build.0 = Release|Any CPU
		{2C36E4F0-BA57-4D18-BA96-C1672B49AB59}.Debug|Any CPU.ActiveCfg = Debug|Any CPU
		{2C36E4F0-BA57-4D18-BA96-C1672B49AB59}.Debug|Any CPU.Build.0 = Debug|Any CPU
		{2C36E4F0-BA57-4D18-BA96-C1672B49AB59}.Release|Any CPU.ActiveCfg = Release|Any CPU
		{2C36E4F0-BA57-4D18-BA96-C1672B49AB59}.Release|Any CPU.Build.0 = Release|Any CPU
		{E638D16A-A0A7-47CF-BBB7-C61576FA9486}.Debug|Any CPU.ActiveCfg = Debug|Any CPU
		{E638D16A-A0A7-47CF-BBB7-C61576FA9486}.Debug|Any CPU.Build.0 = Debug|Any CPU
		{E638D16A-A0A7-47CF-BBB7-C61576FA9486}.Release|Any CPU.ActiveCfg = Release|Any CPU
		{E638D16A-A0A7-47CF-BBB7-C61576FA9486}.Release|Any CPU.Build.0 = Release|Any CPU
		{276F0696-FA82-4B6E-A74D-262B5D4035C4}.Debug|Any CPU.ActiveCfg = Debug|Any CPU
		{276F0696-FA82-4B6E-A74D-262B5D4035C4}.Debug|Any CPU.Build.0 = Debug|Any CPU
		{276F0696-FA82-4B6E-A74D-262B5D4035C4}.Release|Any CPU.ActiveCfg = Release|Any CPU
		{276F0696-FA82-4B6E-A74D-262B5D4035C4}.Release|Any CPU.Build.0 = Release|Any CPU
		{03CA89BC-1D10-494A-87AD-78ED4C5C8EDF}.Debug|Any CPU.ActiveCfg = Debug|Any CPU
		{03CA89BC-1D10-494A-87AD-78ED4C5C8EDF}.Debug|Any CPU.Build.0 = Debug|Any CPU
		{03CA89BC-1D10-494A-87AD-78ED4C5C8EDF}.Release|Any CPU.ActiveCfg = Release|Any CPU
		{03CA89BC-1D10-494A-87AD-78ED4C5C8EDF}.Release|Any CPU.Build.0 = Release|Any CPU
		{A893EE73-A70C-4995-A9BA-B52DCBA1D2F0}.Debug|Any CPU.ActiveCfg = Debug|Any CPU
		{A893EE73-A70C-4995-A9BA-B52DCBA1D2F0}.Debug|Any CPU.Build.0 = Debug|Any CPU
		{A893EE73-A70C-4995-A9BA-B52DCBA1D2F0}.Release|Any CPU.ActiveCfg = Release|Any CPU
		{A893EE73-A70C-4995-A9BA-B52DCBA1D2F0}.Release|Any CPU.Build.0 = Release|Any CPU
		{D8E03F28-75EB-4D28-B576-D8EA9126BBDB}.Debug|Any CPU.ActiveCfg = Debug|Any CPU
		{D8E03F28-75EB-4D28-B576-D8EA9126BBDB}.Debug|Any CPU.Build.0 = Debug|Any CPU
		{D8E03F28-75EB-4D28-B576-D8EA9126BBDB}.Release|Any CPU.ActiveCfg = Release|Any CPU
		{D8E03F28-75EB-4D28-B576-D8EA9126BBDB}.Release|Any CPU.Build.0 = Release|Any CPU
		{C7A6C5F0-980E-4EBC-BB01-DC6FA40323FA}.Debug|Any CPU.ActiveCfg = Debug|Any CPU
		{C7A6C5F0-980E-4EBC-BB01-DC6FA40323FA}.Debug|Any CPU.Build.0 = Debug|Any CPU
		{C7A6C5F0-980E-4EBC-BB01-DC6FA40323FA}.Release|Any CPU.ActiveCfg = Release|Any CPU
		{C7A6C5F0-980E-4EBC-BB01-DC6FA40323FA}.Release|Any CPU.Build.0 = Release|Any CPU
		{5BB7918C-259E-42BA-B4B5-CC6323D405F7}.Debug|Any CPU.ActiveCfg = Debug|Any CPU
		{5BB7918C-259E-42BA-B4B5-CC6323D405F7}.Debug|Any CPU.Build.0 = Debug|Any CPU
		{5BB7918C-259E-42BA-B4B5-CC6323D405F7}.Release|Any CPU.ActiveCfg = Release|Any CPU
		{5BB7918C-259E-42BA-B4B5-CC6323D405F7}.Release|Any CPU.Build.0 = Release|Any CPU
		{DB5138CF-D7BD-494E-92DA-27B2DABCA6EE}.Debug|Any CPU.ActiveCfg = Debug|Any CPU
		{DB5138CF-D7BD-494E-92DA-27B2DABCA6EE}.Debug|Any CPU.Build.0 = Debug|Any CPU
		{DB5138CF-D7BD-494E-92DA-27B2DABCA6EE}.Release|Any CPU.ActiveCfg = Release|Any CPU
		{DB5138CF-D7BD-494E-92DA-27B2DABCA6EE}.Release|Any CPU.Build.0 = Release|Any CPU
		{0DFE59C4-A59C-4BFD-A7A0-D245B94256DE}.Debug|Any CPU.ActiveCfg = Debug|Any CPU
		{0DFE59C4-A59C-4BFD-A7A0-D245B94256DE}.Debug|Any CPU.Build.0 = Debug|Any CPU
		{0DFE59C4-A59C-4BFD-A7A0-D245B94256DE}.Release|Any CPU.ActiveCfg = Release|Any CPU
		{0DFE59C4-A59C-4BFD-A7A0-D245B94256DE}.Release|Any CPU.Build.0 = Release|Any CPU
		{F976F507-4EFD-4542-9058-FB53FBF1B919}.Debug|Any CPU.ActiveCfg = Debug|Any CPU
		{F976F507-4EFD-4542-9058-FB53FBF1B919}.Debug|Any CPU.Build.0 = Debug|Any CPU
		{F976F507-4EFD-4542-9058-FB53FBF1B919}.Release|Any CPU.ActiveCfg = Release|Any CPU
		{F976F507-4EFD-4542-9058-FB53FBF1B919}.Release|Any CPU.Build.0 = Release|Any CPU
		{269654D2-0375-4D50-8815-B5F236B7C010}.Debug|Any CPU.ActiveCfg = Debug|Any CPU
		{269654D2-0375-4D50-8815-B5F236B7C010}.Debug|Any CPU.Build.0 = Debug|Any CPU
		{269654D2-0375-4D50-8815-B5F236B7C010}.Release|Any CPU.ActiveCfg = Release|Any CPU
		{269654D2-0375-4D50-8815-B5F236B7C010}.Release|Any CPU.Build.0 = Release|Any CPU
		{CF910318-EBA5-4323-B29D-7D374441CDD3}.Debug|Any CPU.ActiveCfg = Debug|Any CPU
		{CF910318-EBA5-4323-B29D-7D374441CDD3}.Debug|Any CPU.Build.0 = Debug|Any CPU
		{CF910318-EBA5-4323-B29D-7D374441CDD3}.Release|Any CPU.ActiveCfg = Release|Any CPU
		{CF910318-EBA5-4323-B29D-7D374441CDD3}.Release|Any CPU.Build.0 = Release|Any CPU
		{7282106B-6E88-423F-BE83-065F971B43BB}.Debug|Any CPU.ActiveCfg = Debug|Any CPU
		{7282106B-6E88-423F-BE83-065F971B43BB}.Debug|Any CPU.Build.0 = Debug|Any CPU
		{7282106B-6E88-423F-BE83-065F971B43BB}.Release|Any CPU.ActiveCfg = Release|Any CPU
		{7282106B-6E88-423F-BE83-065F971B43BB}.Release|Any CPU.Build.0 = Release|Any CPU
		{8CAAF4CA-8E14-41F5-9B6A-9C9DFDF84959}.Debug|Any CPU.ActiveCfg = Debug|Any CPU
		{8CAAF4CA-8E14-41F5-9B6A-9C9DFDF84959}.Debug|Any CPU.Build.0 = Debug|Any CPU
		{8CAAF4CA-8E14-41F5-9B6A-9C9DFDF84959}.Release|Any CPU.ActiveCfg = Release|Any CPU
		{8CAAF4CA-8E14-41F5-9B6A-9C9DFDF84959}.Release|Any CPU.Build.0 = Release|Any CPU
		{F742DEA9-2BD6-4CCE-A233-B7EA936FFC83}.Debug|Any CPU.ActiveCfg = Debug|Any CPU
		{F742DEA9-2BD6-4CCE-A233-B7EA936FFC83}.Debug|Any CPU.Build.0 = Debug|Any CPU
		{F742DEA9-2BD6-4CCE-A233-B7EA936FFC83}.Release|Any CPU.ActiveCfg = Release|Any CPU
		{F742DEA9-2BD6-4CCE-A233-B7EA936FFC83}.Release|Any CPU.Build.0 = Release|Any CPU
	EndGlobalSection
	GlobalSection(SolutionProperties) = preSolution
		HideSolutionNode = FALSE
	EndGlobalSection
	GlobalSection(ExtensibilityGlobals) = postSolution
		SolutionGuid = {ADC03B5C-F44D-4C3F-B559-3AB1C5270BC1}
	EndGlobalSection
EndGlobal
